
Microsoft Visual Studio Solution File, Format Version 12.00
# Visual Studio Version 17
VisualStudioVersion = 17.10.35004.147
MinimumVisualStudioVersion = 10.0.40219.1
Project("{9A19103F-16F7-4668-BE54-9A1E7A4F7556}") = "LABDATACENTER_FORMS", "LABDATACENTER_FORMS\LABDATACENTER_FORMS.csproj", "{7016AF27-740B-4068-A364-1598DE296928}"
EndProject
Project("{9A19103F-16F7-4668-BE54-9A1E7A4F7556}") = "LABDATACENTER_FORMS.Client", "LABDATACENTER_FORMS.Client\LABDATACENTER_FORMS.Client.csproj", "{A2AE747A-C4B5-4A83-A259-847FD2748AE7}"
EndProject
Global
	GlobalSection(SolutionConfigurationPlatforms) = preSolution
		Debug|Any CPU = Debug|Any CPU
		Release|Any CPU = Release|Any CPU
	EndGlobalSection
	GlobalSection(ProjectConfigurationPlatforms) = postSolution
		{7016AF27-740B-4068-A364-1598DE296928}.Debug|Any CPU.ActiveCfg = Debug|Any CPU
		{7016AF27-740B-4068-A364-1598DE296928}.Debug|Any CPU.Build.0 = Debug|Any CPU
		{7016AF27-740B-4068-A364-1598DE296928}.Release|Any CPU.ActiveCfg = Release|Any CPU
		{7016AF27-740B-4068-A364-1598DE296928}.Release|Any CPU.Build.0 = Release|Any CPU
		{A2AE747A-C4B5-4A83-A259-847FD2748AE7}.Debug|Any CPU.ActiveCfg = Debug|Any CPU
		{A2AE747A-C4B5-4A83-A259-847FD2748AE7}.Debug|Any CPU.Build.0 = Debug|Any CPU
		{A2AE747A-C4B5-4A83-A259-847FD2748AE7}.Release|Any CPU.ActiveCfg = Release|Any CPU
		{A2AE747A-C4B5-4A83-A259-847FD2748AE7}.Release|Any CPU.Build.0 = Release|Any CPU
	EndGlobalSection
	GlobalSection(SolutionProperties) = preSolution
		HideSolutionNode = FALSE
	EndGlobalSection
	GlobalSection(ExtensibilityGlobals) = postSolution
		SolutionGuid = {6397B367-2B69-4475-A2CC-05756AB4BD85}
	EndGlobalSection
EndGlobal
